
Microsoft Visual Studio Solution File, Format Version 12.00
# Visual Studio Version 17
VisualStudioVersion = 17.2.32602.215
MinimumVisualStudioVersion = 10.0.40219.1
Project("{FAE04EC0-301F-11D3-BF4B-00C04F79EFBC}") = "AplicacionTest1", "AplicacionTest1\AplicacionTest1.csproj", "{120A6D0E-7C2F-4D3D-8B5D-4907E7950513}"
EndProject
Global
	GlobalSection(SolutionConfigurationPlatforms) = preSolution
		Debug|Any CPU = Debug|Any CPU
		Release|Any CPU = Release|Any CPU
	EndGlobalSection
	GlobalSection(ProjectConfigurationPlatforms) = postSolution
		{120A6D0E-7C2F-4D3D-8B5D-4907E7950513}.Debug|Any CPU.ActiveCfg = Debug|Any CPU
		{120A6D0E-7C2F-4D3D-8B5D-4907E7950513}.Debug|Any CPU.Build.0 = Debug|Any CPU
		{120A6D0E-7C2F-4D3D-8B5D-4907E7950513}.Release|Any CPU.ActiveCfg = Release|Any CPU
		{120A6D0E-7C2F-4D3D-8B5D-4907E7950513}.Release|Any CPU.Build.0 = Release|Any CPU
	EndGlobalSection
	GlobalSection(SolutionProperties) = preSolution
		HideSolutionNode = FALSE
	EndGlobalSection
	GlobalSection(ExtensibilityGlobals) = postSolution
		SolutionGuid = {C9696BBE-C59F-4BFD-B9AE-B1858DCE8781}
	EndGlobalSection
EndGlobal
