
Microsoft Visual Studio Solution File, Format Version 12.00
# Visual Studio Version 17
VisualStudioVersion = 17.3.32825.248
MinimumVisualStudioVersion = 10.0.40219.1
Project("{FAE04EC0-301F-11D3-BF4B-00C04F79EFBC}") = "BitConversor", "BitConversor.csproj", "{51054E9A-8E9A-4B43-A321-CCA1C15F4C31}"
EndProject
Global
	GlobalSection(SolutionConfigurationPlatforms) = preSolution
		Debug|Any CPU = Debug|Any CPU
		Release|Any CPU = Release|Any CPU
	EndGlobalSection
	GlobalSection(ProjectConfigurationPlatforms) = postSolution
		{51054E9A-8E9A-4B43-A321-CCA1C15F4C31}.Debug|Any CPU.ActiveCfg = Debug|Any CPU
		{51054E9A-8E9A-4B43-A321-CCA1C15F4C31}.Debug|Any CPU.Build.0 = Debug|Any CPU
		{51054E9A-8E9A-4B43-A321-CCA1C15F4C31}.Release|Any CPU.ActiveCfg = Release|Any CPU
		{51054E9A-8E9A-4B43-A321-CCA1C15F4C31}.Release|Any CPU.Build.0 = Release|Any CPU
	EndGlobalSection
	GlobalSection(SolutionProperties) = preSolution
		HideSolutionNode = FALSE
	EndGlobalSection
	GlobalSection(ExtensibilityGlobals) = postSolution
		SolutionGuid = {1230A3BA-AD65-458E-A7DE-B594CE4167F4}
	EndGlobalSection
EndGlobal
