
Microsoft Visual Studio Solution File, Format Version 12.00
# Visual Studio Version 17
VisualStudioVersion = 17.3.32825.248
MinimumVisualStudioVersion = 10.0.40219.1
Project("{FAE04EC0-301F-11D3-BF4B-00C04F79EFBC}") = "AMAppTest", "AMAppTest.csproj", "{B1B4D12B-F0BB-4FA8-A551-823F5F7638B2}"
EndProject
Global
	GlobalSection(SolutionConfigurationPlatforms) = preSolution
		Debug|Any CPU = Debug|Any CPU
		Release|Any CPU = Release|Any CPU
	EndGlobalSection
	GlobalSection(ProjectConfigurationPlatforms) = postSolution
		{B1B4D12B-F0BB-4FA8-A551-823F5F7638B2}.Debug|Any CPU.ActiveCfg = Debug|Any CPU
		{B1B4D12B-F0BB-4FA8-A551-823F5F7638B2}.Debug|Any CPU.Build.0 = Debug|Any CPU
		{B1B4D12B-F0BB-4FA8-A551-823F5F7638B2}.Release|Any CPU.ActiveCfg = Release|Any CPU
		{B1B4D12B-F0BB-4FA8-A551-823F5F7638B2}.Release|Any CPU.Build.0 = Release|Any CPU
	EndGlobalSection
	GlobalSection(SolutionProperties) = preSolution
		HideSolutionNode = FALSE
	EndGlobalSection
	GlobalSection(ExtensibilityGlobals) = postSolution
		SolutionGuid = {A82D8E02-6CBB-4948-8126-D399679430D0}
	EndGlobalSection
EndGlobal
